
Microsoft Visual Studio Solution File, Format Version 12.00
# Visual Studio Version 17
VisualStudioVersion = 17.4.33213.308
MinimumVisualStudioVersion = 10.0.40219.1
Project("{FAE04EC0-301F-11D3-BF4B-00C04F79EFBC}") = "BomDiaIFeELSE", "BomDiaIFeELSE\BomDiaIFeELSE.csproj", "{92678BEB-F126-4756-B6FC-60771D6FEAC2}"
EndProject
Global
	GlobalSection(SolutionConfigurationPlatforms) = preSolution
		Debug|Any CPU = Debug|Any CPU
		Release|Any CPU = Release|Any CPU
	EndGlobalSection
	GlobalSection(ProjectConfigurationPlatforms) = postSolution
		{92678BEB-F126-4756-B6FC-60771D6FEAC2}.Debug|Any CPU.ActiveCfg = Debug|Any CPU
		{92678BEB-F126-4756-B6FC-60771D6FEAC2}.Debug|Any CPU.Build.0 = Debug|Any CPU
		{92678BEB-F126-4756-B6FC-60771D6FEAC2}.Release|Any CPU.ActiveCfg = Release|Any CPU
		{92678BEB-F126-4756-B6FC-60771D6FEAC2}.Release|Any CPU.Build.0 = Release|Any CPU
	EndGlobalSection
	GlobalSection(SolutionProperties) = preSolution
		HideSolutionNode = FALSE
	EndGlobalSection
	GlobalSection(ExtensibilityGlobals) = postSolution
		SolutionGuid = {AF291F0A-A4FD-45A8-870C-AFFA2F6AEEBB}
	EndGlobalSection
EndGlobal
